speakeasyVersion: 1.761.4
sources:
    Paygentic API:
        sourceNamespace: paygentic-api
        sourceRevisionDigest: sha256:cfae750102d4c68aff8e833045c6554a6d78edd7dd4d527d3c76d8d324e9d278
        sourceBlobDigest: sha256:cec52d59f270a73816dec3b43d67e43581ad9d525666435b1deca71e31be70c0
        tags:
            - latest
    paygentic-OAS:
        sourceNamespace: paygentic-api
        sourceRevisionDigest: sha256:9335a51ca360ab54afbf0f0f1997018d7a74b09279fd51b9cfb380b94510cb52
        sourceBlobDigest: sha256:0bf87cbb10a0d2f833507f53a0c3891e0a137d9a572ddc15befdd88548272b54
        tags:
            - latest
targets:
    paygentic:
        source: Paygentic API
        sourceNamespace: paygentic-api
        sourceRevisionDigest: sha256:cfae750102d4c68aff8e833045c6554a6d78edd7dd4d527d3c76d8d324e9d278
        sourceBlobDigest: sha256:cec52d59f270a73816dec3b43d67e43581ad9d525666435b1deca71e31be70c0
workflow:
    workflowVersion: 1.0.0
    speakeasyVersion: 1.761.4
    sources:
        Paygentic API:
            inputs:
                - location: registry.speakeasyapi.dev/paygentic/default/paygentic-api:main
            output: .speakeasy/out.openapi.yaml
    targets:
        paygentic:
            target: cli
            source: Paygentic API
