speakeasyVersion: 1.761.4
sources:
    Paygentic API:
        sourceNamespace: paygentic-api
        sourceRevisionDigest: sha256:0d6a0a7d4d324039369b57c625fcb6104c5533e3bb1ae0509e7077b18ec5a892
        sourceBlobDigest: sha256:b2bd835b6ec2eaad428bc4a53dfbe368eb9a7af992864b44da38fcd9e0c3995e
        tags:
            - latest
    paygentic-OAS:
        sourceNamespace: paygentic-api
        sourceRevisionDigest: sha256:9335a51ca360ab54afbf0f0f1997018d7a74b09279fd51b9cfb380b94510cb52
        sourceBlobDigest: sha256:0bf87cbb10a0d2f833507f53a0c3891e0a137d9a572ddc15befdd88548272b54
        tags:
            - latest
targets:
    paygentic:
        source: Paygentic API
        sourceNamespace: paygentic-api
        sourceRevisionDigest: sha256:0d6a0a7d4d324039369b57c625fcb6104c5533e3bb1ae0509e7077b18ec5a892
        sourceBlobDigest: sha256:b2bd835b6ec2eaad428bc4a53dfbe368eb9a7af992864b44da38fcd9e0c3995e
workflow:
    workflowVersion: 1.0.0
    speakeasyVersion: 1.761.4
    sources:
        Paygentic API:
            inputs:
                - location: registry.speakeasyapi.dev/paygentic/default/paygentic-api:main
            output: .speakeasy/out.openapi.yaml
    targets:
        paygentic:
            target: cli
            source: Paygentic API
