speakeasyVersion: 1.761.4
sources:
    Paygentic API:
        sourceNamespace: paygentic-api
        sourceRevisionDigest: sha256:d7c1dc2fa24739e0a83cee2388a3c7409cf5cc0b8431fd15c30786925a3c54bf
        sourceBlobDigest: sha256:ede36b0b5f0e176b300c40345a42201b7d84c5bf2cb2681f111f84dd3d6223bd
        tags:
            - latest
    paygentic-OAS:
        sourceNamespace: paygentic-api
        sourceRevisionDigest: sha256:9335a51ca360ab54afbf0f0f1997018d7a74b09279fd51b9cfb380b94510cb52
        sourceBlobDigest: sha256:0bf87cbb10a0d2f833507f53a0c3891e0a137d9a572ddc15befdd88548272b54
        tags:
            - latest
targets:
    paygentic:
        source: Paygentic API
        sourceNamespace: paygentic-api
        sourceRevisionDigest: sha256:d7c1dc2fa24739e0a83cee2388a3c7409cf5cc0b8431fd15c30786925a3c54bf
        sourceBlobDigest: sha256:ede36b0b5f0e176b300c40345a42201b7d84c5bf2cb2681f111f84dd3d6223bd
workflow:
    workflowVersion: 1.0.0
    speakeasyVersion: 1.761.4
    sources:
        Paygentic API:
            inputs:
                - location: registry.speakeasyapi.dev/paygentic/default/paygentic-api:main
            output: .speakeasy/out.openapi.yaml
    targets:
        paygentic:
            target: cli
            source: Paygentic API
